
Microsoft Visual Studio Solution File, Format Version 12.00
# Visual Studio 14
VisualStudioVersion = 14.0.25420.1
MinimumVisualStudioVersion = 10.0.40219.1
Project("{FAE04EC0-301F-11D3-BF4B-00C04F79EFBC}") = "umaCollabApp", "umaCollabApp\umaCollabApp\umaCollabApp.csproj", "{2C8D7DF1-A533-43EF-98C8-169C83943C37}"
EndProject
Project("{FAE04EC0-301F-11D3-BF4B-00C04F79EFBC}") = "umaCollabApp.Droid", "umaCollabApp\umaCollabApp.Droid\umaCollabApp.Droid.csproj", "{70E2E6DB-F961-4F40-989D-E57EB4FA16FE}"
EndProject
Project("{FAE04EC0-301F-11D3-BF4B-00C04F79EFBC}") = "umaCollabApp.iOS", "umaCollabApp\umaCollabApp.iOS\umaCollabApp.iOS.csproj", "{31BDDBD7-35D8-47FA-BCFA-0285D98AB2DD}"
EndProject
Project("{FAE04EC0-301F-11D3-BF4B-00C04F79EFBC}") = "umaCollabApp.Entities", "umaCollabApp.entities\umaCollabApp.Entities.csproj", "{ED11B0BC-30C9-4A0F-8585-06BBCEABBF1D}"
EndProject
Project("{FAE04EC0-301F-11D3-BF4B-00C04F79EFBC}") = "umaCollabApp.Data", "umaCollabApp.Data\umaCollabApp.Data.csproj", "{E9CC0493-E332-4D57-8380-F21249609D1D}"
EndProject
Global
	GlobalSection(SolutionConfigurationPlatforms) = preSolution
		Ad-Hoc|Any CPU = Ad-Hoc|Any CPU
		Ad-Hoc|iPhone = Ad-Hoc|iPhone
		Ad-Hoc|iPhoneSimulator = Ad-Hoc|iPhoneSimulator
		AppStore|Any CPU = AppStore|Any CPU
		AppStore|iPhone = AppStore|iPhone
		AppStore|iPhoneSimulator = AppStore|iPhoneSimulator
		Debug|Any CPU = Debug|Any CPU
		Debug|iPhone = Debug|iPhone
		Debug|iPhoneSimulator = Debug|iPhoneSimulator
		Release|Any CPU = Release|Any CPU
		Release|iPhone = Release|iPhone
		Release|iPhoneSimulator = Release|iPhoneSimulator
	EndGlobalSection
	GlobalSection(ProjectConfigurationPlatforms) = postSolution
		{2C8D7DF1-A533-43EF-98C8-169C83943C37}.Ad-Hoc|Any CPU.ActiveCfg = Release|Any CPU
		{2C8D7DF1-A533-43EF-98C8-169C83943C37}.Ad-Hoc|Any CPU.Build.0 = Release|Any CPU
		{2C8D7DF1-A533-43EF-98C8-169C83943C37}.Ad-Hoc|iPhone.ActiveCfg = Release|Any CPU
		{2C8D7DF1-A533-43EF-98C8-169C83943C37}.Ad-Hoc|iPhone.Build.0 = Release|Any CPU
		{2C8D7DF1-A533-43EF-98C8-169C83943C37}.Ad-Hoc|iPhoneSimulator.ActiveCfg = Release|Any CPU
		{2C8D7DF1-A533-43EF-98C8-169C83943C37}.Ad-Hoc|iPhoneSimulator.Build.0 = Release|Any CPU
		{2C8D7DF1-A533-43EF-98C8-169C83943C37}.AppStore|Any CPU.ActiveCfg = Release|Any CPU
		{2C8D7DF1-A533-43EF-98C8-169C83943C37}.AppStore|Any CPU.Build.0 = Release|Any CPU
		{2C8D7DF1-A533-43EF-98C8-169C83943C37}.AppStore|iPhone.ActiveCfg = Release|Any CPU
		{2C8D7DF1-A533-43EF-98C8-169C83943C37}.AppStore|iPhone.Build.0 = Release|Any CPU
		{2C8D7DF1-A533-43EF-98C8-169C83943C37}.AppStore|iPhoneSimulator.ActiveCfg = Release|Any CPU
		{2C8D7DF1-A533-43EF-98C8-169C83943C37}.AppStore|iPhoneSimulator.Build.0 = Release|Any CPU
		{2C8D7DF1-A533-43EF-98C8-169C83943C37}.Debug|Any CPU.ActiveCfg = Debug|Any CPU
		{2C8D7DF1-A533-43EF-98C8-169C83943C37}.Debug|Any CPU.Build.0 = Debug|Any CPU
		{2C8D7DF1-A533-43EF-98C8-169C83943C37}.Debug|iPhone.ActiveCfg = Debug|Any CPU
		{2C8D7DF1-A533-43EF-98C8-169C83943C37}.Debug|iPhone.Build.0 = Debug|Any CPU
		{2C8D7DF1-A533-43EF-98C8-169C83943C37}.Debug|iPhoneSimulator.ActiveCfg = Debug|Any CPU
		{2C8D7DF1-A533-43EF-98C8-169C83943C37}.Debug|iPhoneSimulator.Build.0 = Debug|Any CPU
		{2C8D7DF1-A533-43EF-98C8-169C83943C37}.Release|Any CPU.ActiveCfg = Release|Any CPU
		{2C8D7DF1-A533-43EF-98C8-169C83943C37}.Release|Any CPU.Build.0 = Release|Any CPU
		{2C8D7DF1-A533-43EF-98C8-169C83943C37}.Release|iPhone.ActiveCfg = Release|Any CPU
		{2C8D7DF1-A533-43EF-98C8-169C83943C37}.Release|iPhone.Build.0 = Release|Any CPU
		{2C8D7DF1-A533-43EF-98C8-169C83943C37}.Release|iPhoneSimulator.ActiveCfg = Release|Any CPU
		{2C8D7DF1-A533-43EF-98C8-169C83943C37}.Release|iPhoneSimulator.Build.0 = Release|Any CPU
		{70E2E6DB-F961-4F40-989D-E57EB4FA16FE}.Ad-Hoc|Any CPU.ActiveCfg = Release|Any CPU
		{70E2E6DB-F961-4F40-989D-E57EB4FA16FE}.Ad-Hoc|Any CPU.Build.0 = Release|Any CPU
		{70E2E6DB-F961-4F40-989D-E57EB4FA16FE}.Ad-Hoc|Any CPU.Deploy.0 = Release|Any CPU
		{70E2E6DB-F961-4F40-989D-E57EB4FA16FE}.Ad-Hoc|iPhone.ActiveCfg = Release|Any CPU
		{70E2E6DB-F961-4F40-989D-E57EB4FA16FE}.Ad-Hoc|iPhone.Build.0 = Release|Any CPU
		{70E2E6DB-F961-4F40-989D-E57EB4FA16FE}.Ad-Hoc|iPhone.Deploy.0 = Release|Any CPU
		{70E2E6DB-F961-4F40-989D-E57EB4FA16FE}.Ad-Hoc|iPhoneSimulator.ActiveCfg = Release|Any CPU
		{70E2E6DB-F961-4F40-989D-E57EB4FA16FE}.Ad-Hoc|iPhoneSimulator.Build.0 = Release|Any CPU
		{70E2E6DB-F961-4F40-989D-E57EB4FA16FE}.Ad-Hoc|iPhoneSimulator.Deploy.0 = Release|Any CPU
		{70E2E6DB-F961-4F40-989D-E57EB4FA16FE}.AppStore|Any CPU.ActiveCfg = Release|Any CPU
		{70E2E6DB-F961-4F40-989D-E57EB4FA16FE}.AppStore|Any CPU.Build.0 = Release|Any CPU
		{70E2E6DB-F961-4F40-989D-E57EB4FA16FE}.AppStore|Any CPU.Deploy.0 = Release|Any CPU
		{70E2E6DB-F961-4F40-989D-E57EB4FA16FE}.AppStore|iPhone.ActiveCfg = Release|Any CPU
		{70E2E6DB-F961-4F40-989D-E57EB4FA16FE}.AppStore|iPhone.Build.0 = Release|Any CPU
		{70E2E6DB-F961-4F40-989D-E57EB4FA16FE}.AppStore|iPhone.Deploy.0 = Release|Any CPU
		{70E2E6DB-F961-4F40-989D-E57EB4FA16FE}.AppStore|iPhoneSimulator.ActiveCfg = Release|Any CPU
		{70E2E6DB-F961-4F40-989D-E57EB4FA16FE}.AppStore|iPhoneSimulator.Build.0 = Release|Any CPU
		{70E2E6DB-F961-4F40-989D-E57EB4FA16FE}.AppStore|iPhoneSimulator.Deploy.0 = Release|Any CPU
		{70E2E6DB-F961-4F40-989D-E57EB4FA16FE}.Debug|Any CPU.ActiveCfg = Debug|Any CPU
		{70E2E6DB-F961-4F40-989D-E57EB4FA16FE}.Debug|Any CPU.Build.0 = Debug|Any CPU
		{70E2E6DB-F961-4F40-989D-E57EB4FA16FE}.Debug|Any CPU.Deploy.0 = Debug|Any CPU
		{70E2E6DB-F961-4F40-989D-E57EB4FA16FE}.Debug|iPhone.ActiveCfg = Debug|Any CPU
		{70E2E6DB-F961-4F40-989D-E57EB4FA16FE}.Debug|iPhone.Build.0 = Debug|Any CPU
		{70E2E6DB-F961-4F40-989D-E57EB4FA16FE}.Debug|iPhone.Deploy.0 = Debug|Any CPU
		{70E2E6DB-F961-4F40-989D-E57EB4FA16FE}.Debug|iPhoneSimulator.ActiveCfg = Debug|Any CPU
		{70E2E6DB-F961-4F40-989D-E57EB4FA16FE}.Debug|iPhoneSimulator.Build.0 = Debug|Any CPU
		{70E2E6DB-F961-4F40-989D-E57EB4FA16FE}.Debug|iPhoneSimulator.Deploy.0 = Debug|Any CPU
		{70E2E6DB-F961-4F40-989D-E57EB4FA16FE}.Release|Any CPU.ActiveCfg = Release|Any CPU
		{70E2E6DB-F961-4F40-989D-E57EB4FA16FE}.Release|Any CPU.Build.0 = Release|Any CPU
		{70E2E6DB-F961-4F40-989D-E57EB4FA16FE}.Release|Any CPU.Deploy.0 = Release|Any CPU
		{70E2E6DB-F961-4F40-989D-E57EB4FA16FE}.Release|iPhone.ActiveCfg = Release|Any CPU
		{70E2E6DB-F961-4F40-989D-E57EB4FA16FE}.Release|iPhone.Build.0 = Release|Any CPU
		{70E2E6DB-F961-4F40-989D-E57EB4FA16FE}.Release|iPhone.Deploy.0 = Release|Any CPU
		{70E2E6DB-F961-4F40-989D-E57EB4FA16FE}.Release|iPhoneSimulator.ActiveCfg = Release|Any CPU
		{70E2E6DB-F961-4F40-989D-E57EB4FA16FE}.Release|iPhoneSimulator.Build.0 = Release|Any CPU
		{70E2E6DB-F961-4F40-989D-E57EB4FA16FE}.Release|iPhoneSimulator.Deploy.0 = Release|Any CPU
		{31BDDBD7-35D8-47FA-BCFA-0285D98AB2DD}.Ad-Hoc|Any CPU.ActiveCfg = Ad-Hoc|iPhone
		{31BDDBD7-35D8-47FA-BCFA-0285D98AB2DD}.Ad-Hoc|iPhone.ActiveCfg = Ad-Hoc|iPhone
		{31BDDBD7-35D8-47FA-BCFA-0285D98AB2DD}.Ad-Hoc|iPhone.Build.0 = Ad-Hoc|iPhone
		{31BDDBD7-35D8-47FA-BCFA-0285D98AB2DD}.Ad-Hoc|iPhoneSimulator.ActiveCfg = Ad-Hoc|iPhoneSimulator
		{31BDDBD7-35D8-47FA-BCFA-0285D98AB2DD}.Ad-Hoc|iPhoneSimulator.Build.0 = Ad-Hoc|iPhoneSimulator
		{31BDDBD7-35D8-47FA-BCFA-0285D98AB2DD}.AppStore|Any CPU.ActiveCfg = AppStore|iPhone
		{31BDDBD7-35D8-47FA-BCFA-0285D98AB2DD}.AppStore|iPhone.ActiveCfg = AppStore|iPhone
		{31BDDBD7-35D8-47FA-BCFA-0285D98AB2DD}.AppStore|iPhone.Build.0 = AppStore|iPhone
		{31BDDBD7-35D8-47FA-BCFA-0285D98AB2DD}.AppStore|iPhoneSimulator.ActiveCfg = AppStore|iPhoneSimulator
		{31BDDBD7-35D8-47FA-BCFA-0285D98AB2DD}.AppStore|iPhoneSimulator.Build.0 = AppStore|iPhoneSimulator
		{31BDDBD7-35D8-47FA-BCFA-0285D98AB2DD}.Debug|Any CPU.ActiveCfg = Debug|iPhone
		{31BDDBD7-35D8-47FA-BCFA-0285D98AB2DD}.Debug|iPhone.ActiveCfg = Debug|iPhone
		{31BDDBD7-35D8-47FA-BCFA-0285D98AB2DD}.Debug|iPhone.Build.0 = Debug|iPhone
		{31BDDBD7-35D8-47FA-BCFA-0285D98AB2DD}.Debug|iPhoneSimulator.ActiveCfg = Debug|iPhoneSimulator
		{31BDDBD7-35D8-47FA-BCFA-0285D98AB2DD}.Debug|iPhoneSimulator.Build.0 = Debug|iPhoneSimulator
		{31BDDBD7-35D8-47FA-BCFA-0285D98AB2DD}.Release|Any CPU.ActiveCfg = Release|iPhone
		{31BDDBD7-35D8-47FA-BCFA-0285D98AB2DD}.Release|iPhone.ActiveCfg = Release|iPhone
		{31BDDBD7-35D8-47FA-BCFA-0285D98AB2DD}.Release|iPhone.Build.0 = Release|iPhone
		{31BDDBD7-35D8-47FA-BCFA-0285D98AB2DD}.Release|iPhoneSimulator.ActiveCfg = Release|iPhoneSimulator
		{31BDDBD7-35D8-47FA-BCFA-0285D98AB2DD}.Release|iPhoneSimulator.Build.0 = Release|iPhoneSimulator
		{ED11B0BC-30C9-4A0F-8585-06BBCEABBF1D}.Ad-Hoc|Any CPU.ActiveCfg = Release|Any CPU
		{ED11B0BC-30C9-4A0F-8585-06BBCEABBF1D}.Ad-Hoc|Any CPU.Build.0 = Release|Any CPU
		{ED11B0BC-30C9-4A0F-8585-06BBCEABBF1D}.Ad-Hoc|iPhone.ActiveCfg = Release|Any CPU
		{ED11B0BC-30C9-4A0F-8585-06BBCEABBF1D}.Ad-Hoc|iPhone.Build.0 = Release|Any CPU
		{ED11B0BC-30C9-4A0F-8585-06BBCEABBF1D}.Ad-Hoc|iPhoneSimulator.ActiveCfg = Release|Any CPU
		{ED11B0BC-30C9-4A0F-8585-06BBCEABBF1D}.Ad-Hoc|iPhoneSimulator.Build.0 = Release|Any CPU
		{ED11B0BC-30C9-4A0F-8585-06BBCEABBF1D}.AppStore|Any CPU.ActiveCfg = Release|Any CPU
		{ED11B0BC-30C9-4A0F-8585-06BBCEABBF1D}.AppStore|Any CPU.Build.0 = Release|Any CPU
		{ED11B0BC-30C9-4A0F-8585-06BBCEABBF1D}.AppStore|iPhone.ActiveCfg = Release|Any CPU
		{ED11B0BC-30C9-4A0F-8585-06BBCEABBF1D}.AppStore|iPhone.Build.0 = Release|Any CPU
		{ED11B0BC-30C9-4A0F-8585-06BBCEABBF1D}.AppStore|iPhoneSimulator.ActiveCfg = Release|Any CPU
		{ED11B0BC-30C9-4A0F-8585-06BBCEABBF1D}.AppStore|iPhoneSimulator.Build.0 = Release|Any CPU
		{ED11B0BC-30C9-4A0F-8585-06BBCEABBF1D}.Debug|Any CPU.ActiveCfg = Debug|Any CPU
		{ED11B0BC-30C9-4A0F-8585-06BBCEABBF1D}.Debug|Any CPU.Build.0 = Debug|Any CPU
		{ED11B0BC-30C9-4A0F-8585-06BBCEABBF1D}.Debug|iPhone.ActiveCfg = Debug|Any CPU
		{ED11B0BC-30C9-4A0F-8585-06BBCEABBF1D}.Debug|iPhone.Build.0 = Debug|Any CPU
		{ED11B0BC-30C9-4A0F-8585-06BBCEABBF1D}.Debug|iPhoneSimulator.ActiveCfg = Debug|Any CPU
		{ED11B0BC-30C9-4A0F-8585-06BBCEABBF1D}.Debug|iPhoneSimulator.Build.0 = Debug|Any CPU
		{ED11B0BC-30C9-4A0F-8585-06BBCEABBF1D}.Release|Any CPU.ActiveCfg = Release|Any CPU
		{ED11B0BC-30C9-4A0F-8585-06BBCEABBF1D}.Release|Any CPU.Build.0 = Release|Any CPU
		{ED11B0BC-30C9-4A0F-8585-06BBCEABBF1D}.Release|iPhone.ActiveCfg = Release|Any CPU
		{ED11B0BC-30C9-4A0F-8585-06BBCEABBF1D}.Release|iPhone.Build.0 = Release|Any CPU
		{ED11B0BC-30C9-4A0F-8585-06BBCEABBF1D}.Release|iPhoneSimulator.ActiveCfg = Release|Any CPU
		{ED11B0BC-30C9-4A0F-8585-06BBCEABBF1D}.Release|iPhoneSimulator.Build.0 = Release|Any CPU
		{E9CC0493-E332-4D57-8380-F21249609D1D}.Ad-Hoc|Any CPU.ActiveCfg = Release|Any CPU
		{E9CC0493-E332-4D57-8380-F21249609D1D}.Ad-Hoc|Any CPU.Build.0 = Release|Any CPU
		{E9CC0493-E332-4D57-8380-F21249609D1D}.Ad-Hoc|iPhone.ActiveCfg = Release|Any CPU
		{E9CC0493-E332-4D57-8380-F21249609D1D}.Ad-Hoc|iPhone.Build.0 = Release|Any CPU
		{E9CC0493-E332-4D57-8380-F21249609D1D}.Ad-Hoc|iPhoneSimulator.ActiveCfg = Release|Any CPU
		{E9CC0493-E332-4D57-8380-F21249609D1D}.Ad-Hoc|iPhoneSimulator.Build.0 = Release|Any CPU
		{E9CC0493-E332-4D57-8380-F21249609D1D}.AppStore|Any CPU.ActiveCfg = Release|Any CPU
		{E9CC0493-E332-4D57-8380-F21249609D1D}.AppStore|Any CPU.Build.0 = Release|Any CPU
		{E9CC0493-E332-4D57-8380-F21249609D1D}.AppStore|iPhone.ActiveCfg = Release|Any CPU
		{E9CC0493-E332-4D57-8380-F21249609D1D}.AppStore|iPhone.Build.0 = Release|Any CPU
		{E9CC0493-E332-4D57-8380-F21249609D1D}.AppStore|iPhoneSimulator.ActiveCfg = Release|Any CPU
		{E9CC0493-E332-4D57-8380-F21249609D1D}.AppStore|iPhoneSimulator.Build.0 = Release|Any CPU
		{E9CC0493-E332-4D57-8380-F21249609D1D}.Debug|Any CPU.ActiveCfg = Debug|Any CPU
		{E9CC0493-E332-4D57-8380-F21249609D1D}.Debug|Any CPU.Build.0 = Debug|Any CPU
		{E9CC0493-E332-4D57-8380-F21249609D1D}.Debug|iPhone.ActiveCfg = Debug|Any CPU
		{E9CC0493-E332-4D57-8380-F21249609D1D}.Debug|iPhone.Build.0 = Debug|Any CPU
		{E9CC0493-E332-4D57-8380-F21249609D1D}.Debug|iPhoneSimulator.ActiveCfg = Debug|Any CPU
		{E9CC0493-E332-4D57-8380-F21249609D1D}.Debug|iPhoneSimulator.Build.0 = Debug|Any CPU
		{E9CC0493-E332-4D57-8380-F21249609D1D}.Release|Any CPU.ActiveCfg = Release|Any CPU
		{E9CC0493-E332-4D57-8380-F21249609D1D}.Release|Any CPU.Build.0 = Release|Any CPU
		{E9CC0493-E332-4D57-8380-F21249609D1D}.Release|iPhone.ActiveCfg = Release|Any CPU
		{E9CC0493-E332-4D57-8380-F21249609D1D}.Release|iPhone.Build.0 = Release|Any CPU
		{E9CC0493-E332-4D57-8380-F21249609D1D}.Release|iPhoneSimulator.ActiveCfg = Release|Any CPU
		{E9CC0493-E332-4D57-8380-F21249609D1D}.Release|iPhoneSimulator.Build.0 = Release|Any CPU
	EndGlobalSection
	GlobalSection(SolutionProperties) = preSolution
		HideSolutionNode = FALSE
	EndGlobalSection
EndGlobal
